// !$*UTF8*$!
{
	archiveVersion = 1;
	classes = {
	};
	objectVersion = 56;
	objects = {

/* Begin PBXBuildFile section */
		4207FE0C2AE6E59500890D00 /* UIItemTableViewCell.swift in Sources */ = {isa = PBXBuildFile; fileRef = 4207FE0A2AE6E59500890D00 /* UIItemTableViewCell.swift */; };
		4207FE0D2AE6E59500890D00 /* UIItemTableViewCell.xib in Resources */ = {isa = PBXBuildFile; fileRef = 4207FE0B2AE6E59500890D00 /* UIItemTableViewCell.xib */; };
		4207FE2A2AE87B9800890D00 /* ItemCoreModel.xcdatamodeld in Sources */ = {isa = PBXBuildFile; fileRef = 4207FE282AE87B9700890D00 /* ItemCoreModel.xcdatamodeld */; };
		4207FE302AE884F300890D00 /* ItemRepository.swift in Sources */ = {isa = PBXBuildFile; fileRef = 4207FE2F2AE884F300890D00 /* ItemRepository.swift */; };
		4207FE322AE884FE00890D00 /* RemoteItemRepository.swift in Sources */ = {isa = PBXBuildFile; fileRef = 4207FE312AE884FE00890D00 /* RemoteItemRepository.swift */; };
		4207FE342AE8850700890D00 /* LocalItemRepository.swift in Sources */ = {isa = PBXBuildFile; fileRef = 4207FE332AE8850700890D00 /* LocalItemRepository.swift */; };
		4207FE362AE8875200890D00 /* ItemRepositoryResponse.swift in Sources */ = {isa = PBXBuildFile; fileRef = 4207FE352AE8875200890D00 /* ItemRepositoryResponse.swift */; };
		4207FE3E2AE8910F00890D00 /* ItemCoreDataEntity+CoreDataClass.swift in Sources */ = {isa = PBXBuildFile; fileRef = 4207FE3C2AE8910F00890D00 /* ItemCoreDataEntity+CoreDataClass.swift */; };
		4207FE3F2AE8910F00890D00 /* ItemCoreDataEntity+CoreDataProperties.swift in Sources */ = {isa = PBXBuildFile; fileRef = 4207FE3D2AE8910F00890D00 /* ItemCoreDataEntity+CoreDataProperties.swift */; };
		42CD9BF82AE083BF00624C39 /* AppDelegate.swift in Sources */ = {isa = PBXBuildFile; fileRef = 42CD9BF72AE083BF00624C39 /* AppDelegate.swift */; };
		42CD9BFA2AE083C000624C39 /* SceneDelegate.swift in Sources */ = {isa = PBXBuildFile; fileRef = 42CD9BF92AE083BF00624C39 /* SceneDelegate.swift */; };
		42CD9C012AE083C300624C39 /* Assets.xcassets in Resources */ = {isa = PBXBuildFile; fileRef = 42CD9C002AE083C300624C39 /* Assets.xcassets */; };
		42CD9C042AE083C300624C39 /* LaunchScreen.storyboard in Resources */ = {isa = PBXBuildFile; fileRef = 42CD9C022AE083C300624C39 /* LaunchScreen.storyboard */; };
		42CD9C0F2AE083C300624C39 /* RickMortyUIKitTests.swift in Sources */ = {isa = PBXBuildFile; fileRef = 42CD9C0E2AE083C300624C39 /* RickMortyUIKitTests.swift */; };
		42CD9C192AE083C300624C39 /* RickMortyUIKitUITests.swift in Sources */ = {isa = PBXBuildFile; fileRef = 42CD9C182AE083C300624C39 /* RickMortyUIKitUITests.swift */; };
		42CD9C1B2AE083C300624C39 /* RickMortyUIKitUITestsLaunchTests.swift in Sources */ = {isa = PBXBuildFile; fileRef = 42CD9C1A2AE083C300624C39 /* RickMortyUIKitUITestsLaunchTests.swift */; };
		42CD9C282AE0869B00624C39 /* ListViewController.swift in Sources */ = {isa = PBXBuildFile; fileRef = 42CD9C272AE0869B00624C39 /* ListViewController.swift */; };
		42CD9C2C2AE08F7100624C39 /* ItemViewModel.swift in Sources */ = {isa = PBXBuildFile; fileRef = 42CD9C2B2AE08F7100624C39 /* ItemViewModel.swift */; };
		42CD9C2E2AE08FCD00624C39 /* ListContract.swift in Sources */ = {isa = PBXBuildFile; fileRef = 42CD9C2D2AE08FCD00624C39 /* ListContract.swift */; };
		42CD9C322AE0902F00624C39 /* ItemApiResponse.swift in Sources */ = {isa = PBXBuildFile; fileRef = 42CD9C312AE0902F00624C39 /* ItemApiResponse.swift */; };
		42CD9C342AE0906200624C39 /* ListRouter.swift in Sources */ = {isa = PBXBuildFile; fileRef = 42CD9C332AE0906200624C39 /* ListRouter.swift */; };
		42CD9C362AE0909700624C39 /* ListInteractor.swift in Sources */ = {isa = PBXBuildFile; fileRef = 42CD9C352AE0909700624C39 /* ListInteractor.swift */; };
		42CD9C382AE090EF00624C39 /* ListPresenter.swift in Sources */ = {isa = PBXBuildFile; fileRef = 42CD9C372AE090EF00624C39 /* ListPresenter.swift */; };
		42CD9C3A2AE0916200624C39 /* BaseViewController.swift in Sources */ = {isa = PBXBuildFile; fileRef = 42CD9C392AE0916200624C39 /* BaseViewController.swift */; };
		42CD9C3C2AE0917700624C39 /* LoadingViewController.swift in Sources */ = {isa = PBXBuildFile; fileRef = 42CD9C3B2AE0917700624C39 /* LoadingViewController.swift */; };
		42CD9C402AE091C700624C39 /* Colors.swift in Sources */ = {isa = PBXBuildFile; fileRef = 42CD9C3F2AE091C700624C39 /* Colors.swift */; };
		42CD9C422AE091CF00624C39 /* Fonts.swift in Sources */ = {isa = PBXBuildFile; fileRef = 42CD9C412AE091CF00624C39 /* Fonts.swift */; };
		42CD9C472AE0922E00624C39 /* UIColor+Extensions.swift .swift in Sources */ = {isa = PBXBuildFile; fileRef = 42CD9C462AE0922E00624C39 /* UIColor+Extensions.swift .swift */; };
		42CD9C492AE0926400624C39 /* ItemTableViewCell.swift in Sources */ = {isa = PBXBuildFile; fileRef = 42CD9C482AE0926400624C39 /* ItemTableViewCell.swift */; };
		42CD9C4B2AE093D000624C39 /* UITableViewCell+ReusableCell.swift in Sources */ = {isa = PBXBuildFile; fileRef = 42CD9C4A2AE093D000624C39 /* UITableViewCell+ReusableCell.swift */; };
		42CD9C4D2AE093EA00624C39 /* ReusableView.swift .swift in Sources */ = {isa = PBXBuildFile; fileRef = 42CD9C4C2AE093EA00624C39 /* ReusableView.swift .swift */; };
		42CD9C4F2AE094C000624C39 /* ApiClient.swift in Sources */ = {isa = PBXBuildFile; fileRef = 42CD9C4E2AE094C000624C39 /* ApiClient.swift */; };
		42CD9C512AE0A3E500624C39 /* ListBuilder.swift in Sources */ = {isa = PBXBuildFile; fileRef = 42CD9C502AE0A3E500624C39 /* ListBuilder.swift */; };
		42CD9C542AE0A99700624C39 /* SDWebImage in Frameworks */ = {isa = PBXBuildFile; productRef = 42CD9C532AE0A99700624C39 /* SDWebImage */; };
/* End PBXBuildFile section */

/* Begin PBXContainerItemProxy section */
		42CD9C0B2AE083C300624C39 /* PBXContainerItemProxy */ = {
			isa = PBXContainerItemProxy;
			containerPortal = 42CD9BEC2AE083BF00624C39 /* Project object */;
			proxyType = 1;
			remoteGlobalIDString = 42CD9BF32AE083BF00624C39;
			remoteInfo = RickMortyUIKit;
		};
		42CD9C152AE083C300624C39 /* PBXContainerItemProxy */ = {
			isa = PBXContainerItemProxy;
			containerPortal = 42CD9BEC2AE083BF00624C39 /* Project object */;
			proxyType = 1;
			remoteGlobalIDString = 42CD9BF32AE083BF00624C39;
			remoteInfo = RickMortyUIKit;
		};
/* End PBXContainerItemProxy section */

/* Begin PBXFileReference section */
		4207FE0A2AE6E59500890D00 /* UIItemTableViewCell.swift */ = {isa = PBXFileReference; lastKnownFileType = sourcecode.swift; path = UIItemTableViewCell.swift; sourceTree = "<group>"; };
		4207FE0B2AE6E59500890D00 /* UIItemTableViewCell.xib */ = {isa = PBXFileReference; lastKnownFileType = file.xib; path = UIItemTableViewCell.xib; sourceTree = "<group>"; };
		4207FE292AE87B9700890D00 /* ItemCoreModel.xcdatamodel */ = {isa = PBXFileReference; lastKnownFileType = wrapper.xcdatamodel; path = ItemCoreModel.xcdatamodel; sourceTree = "<group>"; };
		4207FE2F2AE884F300890D00 /* ItemRepository.swift */ = {isa = PBXFileReference; lastKnownFileType = sourcecode.swift; path = ItemRepository.swift; sourceTree = "<group>"; };
		4207FE312AE884FE00890D00 /* RemoteItemRepository.swift */ = {isa = PBXFileReference; lastKnownFileType = sourcecode.swift; path = RemoteItemRepository.swift; sourceTree = "<group>"; };
		4207FE332AE8850700890D00 /* LocalItemRepository.swift */ = {isa = PBXFileReference; lastKnownFileType = sourcecode.swift; path = LocalItemRepository.swift; sourceTree = "<group>"; };
		4207FE352AE8875200890D00 /* ItemRepositoryResponse.swift */ = {isa = PBXFileReference; lastKnownFileType = sourcecode.swift; path = ItemRepositoryResponse.swift; sourceTree = "<group>"; };
		4207FE3C2AE8910F00890D00 /* ItemCoreDataEntity+CoreDataClass.swift */ = {isa = PBXFileReference; lastKnownFileType = sourcecode.swift; path = "ItemCoreDataEntity+CoreDataClass.swift"; sourceTree = "<group>"; };
		4207FE3D2AE8910F00890D00 /* ItemCoreDataEntity+CoreDataProperties.swift */ = {isa = PBXFileReference; lastKnownFileType = sourcecode.swift; path = "ItemCoreDataEntity+CoreDataProperties.swift"; sourceTree = "<group>"; };
		42CD9BF42AE083BF00624C39 /* RickMortyUIKit.app */ = {isa = PBXFileReference; explicitFileType = wrapper.application; includeInIndex = 0; path = RickMortyUIKit.app; sourceTree = BUILT_PRODUCTS_DIR; };
		42CD9BF72AE083BF00624C39 /* AppDelegate.swift */ = {isa = PBXFileReference; lastKnownFileType = sourcecode.swift; path = AppDelegate.swift; sourceTree = "<group>"; };
		42CD9BF92AE083BF00624C39 /* SceneDelegate.swift */ = {isa = PBXFileReference; lastKnownFileType = sourcecode.swift; path = SceneDelegate.swift; sourceTree = "<group>"; };
		42CD9C002AE083C300624C39 /* Assets.xcassets */ = {isa = PBXFileReference; lastKnownFileType = folder.assetcatalog; path = Assets.xcassets; sourceTree = "<group>"; };
		42CD9C032AE083C300624C39 /* Base */ = {isa = PBXFileReference; lastKnownFileType = file.storyboard; name = Base; path = Base.lproj/LaunchScreen.storyboard; sourceTree = "<group>"; };
		42CD9C052AE083C300624C39 /* Info.plist */ = {isa = PBXFileReference; lastKnownFileType = text.plist.xml; path = Info.plist; sourceTree = "<group>"; };
		42CD9C0A2AE083C300624C39 /* RickMortyUIKitTests.xctest */ = {isa = PBXFileReference; explicitFileType = wrapper.cfbundle; includeInIndex = 0; path = RickMortyUIKitTests.xctest; sourceTree = BUILT_PRODUCTS_DIR; };
		42CD9C0E2AE083C300624C39 /* RickMortyUIKitTests.swift */ = {isa = PBXFileReference; lastKnownFileType = sourcecode.swift; path = RickMortyUIKitTests.swift; sourceTree = "<group>"; };
		42CD9C142AE083C300624C39 /* RickMortyUIKitUITests.xctest */ = {isa = PBXFileReference; explicitFileType = wrapper.cfbundle; includeInIndex = 0; path = RickMortyUIKitUITests.xctest; sourceTree = BUILT_PRODUCTS_DIR; };
		42CD9C182AE083C300624C39 /* RickMortyUIKitUITests.swift */ = {isa = PBXFileReference; lastKnownFileType = sourcecode.swift; path = RickMortyUIKitUITests.swift; sourceTree = "<group>"; };
		42CD9C1A2AE083C300624C39 /* RickMortyUIKitUITestsLaunchTests.swift */ = {isa = PBXFileReference; lastKnownFileType = sourcecode.swift; path = RickMortyUIKitUITestsLaunchTests.swift; sourceTree = "<group>"; };
		42CD9C272AE0869B00624C39 /* ListViewController.swift */ = {isa = PBXFileReference; lastKnownFileType = sourcecode.swift; path = ListViewController.swift; sourceTree = "<group>"; };
		42CD9C2B2AE08F7100624C39 /* ItemViewModel.swift */ = {isa = PBXFileReference; lastKnownFileType = sourcecode.swift; path = ItemViewModel.swift; sourceTree = "<group>"; };
		42CD9C2D2AE08FCD00624C39 /* ListContract.swift */ = {isa = PBXFileReference; lastKnownFileType = sourcecode.swift; path = ListContract.swift; sourceTree = "<group>"; };
		42CD9C312AE0902F00624C39 /* ItemApiResponse.swift */ = {isa = PBXFileReference; lastKnownFileType = sourcecode.swift; path = ItemApiResponse.swift; sourceTree = "<group>"; };
		42CD9C332AE0906200624C39 /* ListRouter.swift */ = {isa = PBXFileReference; lastKnownFileType = sourcecode.swift; path = ListRouter.swift; sourceTree = "<group>"; };
		42CD9C352AE0909700624C39 /* ListInteractor.swift */ = {isa = PBXFileReference; lastKnownFileType = sourcecode.swift; path = ListInteractor.swift; sourceTree = "<group>"; };
		42CD9C372AE090EF00624C39 /* ListPresenter.swift */ = {isa = PBXFileReference; lastKnownFileType = sourcecode.swift; path = ListPresenter.swift; sourceTree = "<group>"; };
		42CD9C392AE0916200624C39 /* BaseViewController.swift */ = {isa = PBXFileReference; lastKnownFileType = sourcecode.swift; path = BaseViewController.swift; sourceTree = "<group>"; };
		42CD9C3B2AE0917700624C39 /* LoadingViewController.swift */ = {isa = PBXFileReference; lastKnownFileType = sourcecode.swift; path = LoadingViewController.swift; sourceTree = "<group>"; };
		42CD9C3F2AE091C700624C39 /* Colors.swift */ = {isa = PBXFileReference; lastKnownFileType = sourcecode.swift; path = Colors.swift; sourceTree = "<group>"; };
		42CD9C412AE091CF00624C39 /* Fonts.swift */ = {isa = PBXFileReference; lastKnownFileType = sourcecode.swift; path = Fonts.swift; sourceTree = "<group>"; };
		42CD9C462AE0922E00624C39 /* UIColor+Extensions.swift .swift */ = {isa = PBXFileReference; lastKnownFileType = sourcecode.swift; path = "UIColor+Extensions.swift .swift"; sourceTree = "<group>"; };
		42CD9C482AE0926400624C39 /* ItemTableViewCell.swift */ = {isa = PBXFileReference; lastKnownFileType = sourcecode.swift; path = ItemTableViewCell.swift; sourceTree = "<group>"; };
		42CD9C4A2AE093D000624C39 /* UITableViewCell+ReusableCell.swift */ = {isa = PBXFileReference; lastKnownFileType = sourcecode.swift; path = "UITableViewCell+ReusableCell.swift"; sourceTree = "<group>"; };
		42CD9C4C2AE093EA00624C39 /* ReusableView.swift .swift */ = {isa = PBXFileReference; lastKnownFileType = sourcecode.swift; path = "ReusableView.swift .swift"; sourceTree = "<group>"; };
		42CD9C4E2AE094C000624C39 /* ApiClient.swift */ = {isa = PBXFileReference; lastKnownFileType = sourcecode.swift; path = ApiClient.swift; sourceTree = "<group>"; };
		42CD9C502AE0A3E500624C39 /* ListBuilder.swift */ = {isa = PBXFileReference; lastKnownFileType = sourcecode.swift; path = ListBuilder.swift; sourceTree = "<group>"; };
/* End PBXFileReference section */

/* Begin PBXFrameworksBuildPhase section */
		42CD9BF12AE083BF00624C39 /* Frameworks */ = {
			isa = PBXFrameworksBuildPhase;
			buildActionMask = 2147483647;
			files = (
				42CD9C542AE0A99700624C39 /* SDWebImage in Frameworks */,
			);
			runOnlyForDeploymentPostprocessing = 0;
		};
		42CD9C072AE083C300624C39 /* Frameworks */ = {
			isa = PBXFrameworksBuildPhase;
			buildActionMask = 2147483647;
			files = (
			);
			runOnlyForDeploymentPostprocessing = 0;
		};
		42CD9C112AE083C300624C39 /* Frameworks */ = {
			isa = PBXFrameworksBuildPhase;
			buildActionMask = 2147483647;
			files = (
			);
			runOnlyForDeploymentPostprocessing = 0;
		};
/* End PBXFrameworksBuildPhase section */

/* Begin PBXGroup section */
		4207FE2B2AE884C600890D00 /* Repositories */ = {
			isa = PBXGroup;
			children = (
				4207FE2F2AE884F300890D00 /* ItemRepository.swift */,
				4207FE312AE884FE00890D00 /* RemoteItemRepository.swift */,
				4207FE332AE8850700890D00 /* LocalItemRepository.swift */,
				4207FE352AE8875200890D00 /* ItemRepositoryResponse.swift */,
			);
			path = Repositories;
			sourceTree = "<group>";
		};
		4207FE3B2AE890F800890D00 /* CoreData */ = {
			isa = PBXGroup;
			children = (
				4207FE3C2AE8910F00890D00 /* ItemCoreDataEntity+CoreDataClass.swift */,
				4207FE3D2AE8910F00890D00 /* ItemCoreDataEntity+CoreDataProperties.swift */,
				4207FE282AE87B9700890D00 /* ItemCoreModel.xcdatamodeld */,
			);
			path = CoreData;
			sourceTree = "<group>";
		};
		42CD9BEB2AE083BF00624C39 = {
			isa = PBXGroup;
			children = (
				42CD9BF62AE083BF00624C39 /* RickMortyUIKit */,
				42CD9C0D2AE083C300624C39 /* RickMortyUIKitTests */,
				42CD9C172AE083C300624C39 /* RickMortyUIKitUITests */,
				42CD9BF52AE083BF00624C39 /* Products */,
			);
			sourceTree = "<group>";
		};
		42CD9BF52AE083BF00624C39 /* Products */ = {
			isa = PBXGroup;
			children = (
				42CD9BF42AE083BF00624C39 /* RickMortyUIKit.app */,
				42CD9C0A2AE083C300624C39 /* RickMortyUIKitTests.xctest */,
				42CD9C142AE083C300624C39 /* RickMortyUIKitUITests.xctest */,
			);
			name = Products;
			sourceTree = "<group>";
		};
		42CD9BF62AE083BF00624C39 /* RickMortyUIKit */ = {
			isa = PBXGroup;
			children = (
				42CD9C3D2AE091B100624C39 /* Utils */,
				42CD9C2F2AE0901B00624C39 /* Data */,
				42CD9C292AE08DDB00624C39 /* Features */,
				42CD9BF72AE083BF00624C39 /* AppDelegate.swift */,
				42CD9BF92AE083BF00624C39 /* SceneDelegate.swift */,
				42CD9C002AE083C300624C39 /* Assets.xcassets */,
				42CD9C022AE083C300624C39 /* LaunchScreen.storyboard */,
				42CD9C052AE083C300624C39 /* Info.plist */,
			);
			path = RickMortyUIKit;
			sourceTree = "<group>";
		};
		42CD9C0D2AE083C300624C39 /* RickMortyUIKitTests */ = {
			isa = PBXGroup;
			children = (
				42CD9C0E2AE083C300624C39 /* RickMortyUIKitTests.swift */,
			);
			path = RickMortyUIKitTests;
			sourceTree = "<group>";
		};
		42CD9C172AE083C300624C39 /* RickMortyUIKitUITests */ = {
			isa = PBXGroup;
			children = (
				42CD9C182AE083C300624C39 /* RickMortyUIKitUITests.swift */,
				42CD9C1A2AE083C300624C39 /* RickMortyUIKitUITestsLaunchTests.swift */,
			);
			path = RickMortyUIKitUITests;
			sourceTree = "<group>";
		};
		42CD9C292AE08DDB00624C39 /* Features */ = {
			isa = PBXGroup;
			children = (
				42CD9C2A2AE08E0200624C39 /* List */,
				42CD9C392AE0916200624C39 /* BaseViewController.swift */,
				42CD9C3B2AE0917700624C39 /* LoadingViewController.swift */,
			);
			path = Features;
			sourceTree = "<group>";
		};
		42CD9C2A2AE08E0200624C39 /* List */ = {
			isa = PBXGroup;
			children = (
				42CD9C272AE0869B00624C39 /* ListViewController.swift */,
				42CD9C2B2AE08F7100624C39 /* ItemViewModel.swift */,
				42CD9C2D2AE08FCD00624C39 /* ListContract.swift */,
				42CD9C332AE0906200624C39 /* ListRouter.swift */,
				42CD9C352AE0909700624C39 /* ListInteractor.swift */,
				42CD9C372AE090EF00624C39 /* ListPresenter.swift */,
				42CD9C482AE0926400624C39 /* ItemTableViewCell.swift */,
				42CD9C502AE0A3E500624C39 /* ListBuilder.swift */,
				4207FE0A2AE6E59500890D00 /* UIItemTableViewCell.swift */,
				4207FE0B2AE6E59500890D00 /* UIItemTableViewCell.xib */,
			);
			path = List;
			sourceTree = "<group>";
		};
		42CD9C2F2AE0901B00624C39 /* Data */ = {
			isa = PBXGroup;
			children = (
				4207FE3B2AE890F800890D00 /* CoreData */,
				4207FE2B2AE884C600890D00 /* Repositories */,
				42CD9C302AE0902400624C39 /* Models */,
				42CD9C4E2AE094C000624C39 /* ApiClient.swift */,
			);
			path = Data;
			sourceTree = "<group>";
		};
		42CD9C302AE0902400624C39 /* Models */ = {
			isa = PBXGroup;
			children = (
				42CD9C312AE0902F00624C39 /* ItemApiResponse.swift */,
			);
			path = Models;
			sourceTree = "<group>";
		};
		42CD9C3D2AE091B100624C39 /* Utils */ = {
			isa = PBXGroup;
			children = (
				42CD9C452AE0922100624C39 /* Extensions */,
				42CD9C3E2AE091BB00624C39 /* Enums */,
			);
			path = Utils;
			sourceTree = "<group>";
		};
		42CD9C3E2AE091BB00624C39 /* Enums */ = {
			isa = PBXGroup;
			children = (
				42CD9C3F2AE091C700624C39 /* Colors.swift */,
				42CD9C412AE091CF00624C39 /* Fonts.swift */,
			);
			path = Enums;
			sourceTree = "<group>";
		};
		42CD9C452AE0922100624C39 /* Extensions */ = {
			isa = PBXGroup;
			children = (
				42CD9C462AE0922E00624C39 /* UIColor+Extensions.swift .swift */,
				42CD9C4A2AE093D000624C39 /* UITableViewCell+ReusableCell.swift */,
				42CD9C4C2AE093EA00624C39 /* ReusableView.swift .swift */,
			);
			path = Extensions;
			sourceTree = "<group>";
		};
/* End PBXGroup section */

/* Begin PBXNativeTarget section */
		42CD9BF32AE083BF00624C39 /* RickMortyUIKit */ = {
			isa = PBXNativeTarget;
			buildConfigurationList = 42CD9C1E2AE083C300624C39 /* Build configuration list for PBXNativeTarget "RickMortyUIKit" */;
			buildPhases = (
				42CD9BF02AE083BF00624C39 /* Sources */,
				42CD9BF12AE083BF00624C39 /* Frameworks */,
				42CD9BF22AE083BF00624C39 /* Resources */,
			);
			buildRules = (
			);
			dependencies = (
			);
			name = RickMortyUIKit;
			packageProductDependencies = (
				42CD9C532AE0A99700624C39 /* SDWebImage */,
			);
			productName = RickMortyUIKit;
			productReference = 42CD9BF42AE083BF00624C39 /* RickMortyUIKit.app */;
			productType = "com.apple.product-type.application";
		};
		42CD9C092AE083C300624C39 /* RickMortyUIKitTests */ = {
			isa = PBXNativeTarget;
			buildConfigurationList = 42CD9C212AE083C300624C39 /* Build configuration list for PBXNativeTarget "RickMortyUIKitTests" */;
			buildPhases = (
				42CD9C062AE083C300624C39 /* Sources */,
				42CD9C072AE083C300624C39 /* Frameworks */,
				42CD9C082AE083C300624C39 /* Resources */,
			);
			buildRules = (
			);
			dependencies = (
				42CD9C0C2AE083C300624C39 /* PBXTargetDependency */,
			);
			name = RickMortyUIKitTests;
			productName = RickMortyUIKitTests;
			productReference = 42CD9C0A2AE083C300624C39 /* RickMortyUIKitTests.xctest */;
			productType = "com.apple.product-type.bundle.unit-test";
		};
		42CD9C132AE083C300624C39 /* RickMortyUIKitUITests */ = {
			isa = PBXNativeTarget;
			buildConfigurationList = 42CD9C242AE083C300624C39 /* Build configuration list for PBXNativeTarget "RickMortyUIKitUITests" */;
			buildPhases = (
				42CD9C102AE083C300624C39 /* Sources */,
				42CD9C112AE083C300624C39 /* Frameworks */,
				42CD9C122AE083C300624C39 /* Resources */,
			);
			buildRules = (
			);
			dependencies = (
				42CD9C162AE083C300624C39 /* PBXTargetDependency */,
			);
			name = RickMortyUIKitUITests;
			productName = RickMortyUIKitUITests;
			productReference = 42CD9C142AE083C300624C39 /* RickMortyUIKitUITests.xctest */;
			productType = "com.apple.product-type.bundle.ui-testing";
		};
/* End PBXNativeTarget section */

/* Begin PBXProject section */
		42CD9BEC2AE083BF00624C39 /* Project object */ = {
			isa = PBXProject;
			attributes = {
				BuildIndependentTargetsInParallel = 1;
				LastSwiftUpdateCheck = 1430;
				LastUpgradeCheck = 1430;
				TargetAttributes = {
					42CD9BF32AE083BF00624C39 = {
						CreatedOnToolsVersion = 14.3;
					};
					42CD9C092AE083C300624C39 = {
						CreatedOnToolsVersion = 14.3;
						TestTargetID = 42CD9BF32AE083BF00624C39;
					};
					42CD9C132AE083C300624C39 = {
						CreatedOnToolsVersion = 14.3;
						TestTargetID = 42CD9BF32AE083BF00624C39;
					};
				};
			};
			buildConfigurationList = 42CD9BEF2AE083BF00624C39 /* Build configuration list for PBXProject "RickMortyUIKit" */;
			compatibilityVersion = "Xcode 14.0";
			developmentRegion = en;
			hasScannedForEncodings = 0;
			knownRegions = (
				en,
				Base,
			);
			mainGroup = 42CD9BEB2AE083BF00624C39;
			packageReferences = (
				42CD9C522AE0A99600624C39 /* XCRemoteSwiftPackageReference "SDWebImage" */,
			);
			productRefGroup = 42CD9BF52AE083BF00624C39 /* Products */;
			projectDirPath = "";
			projectRoot = "";
			targets = (
				42CD9BF32AE083BF00624C39 /* RickMortyUIKit */,
				42CD9C092AE083C300624C39 /* RickMortyUIKitTests */,
				42CD9C132AE083C300624C39 /* RickMortyUIKitUITests */,
			);
		};
/* End PBXProject section */

/* Begin PBXResourcesBuildPhase section */
		42CD9BF22AE083BF00624C39 /* Resources */ = {
			isa = PBXResourcesBuildPhase;
			buildActionMask = 2147483647;
			files = (
				4207FE0D2AE6E59500890D00 /* UIItemTableViewCell.xib in Resources */,
				42CD9C042AE083C300624C39 /* LaunchScreen.storyboard in Resources */,
				42CD9C012AE083C300624C39 /* Assets.xcassets in Resources */,
			);
			runOnlyForDeploymentPostprocessing = 0;
		};
		42CD9C082AE083C300624C39 /* Resources */ = {
			isa = PBXResourcesBuildPhase;
			buildActionMask = 2147483647;
			files = (
			);
			runOnlyForDeploymentPostprocessing = 0;
		};
		42CD9C122AE083C300624C39 /* Resources */ = {
			isa = PBXResourcesBuildPhase;
			buildActionMask = 2147483647;
			files = (
			);
			runOnlyForDeploymentPostprocessing = 0;
		};
/* End PBXResourcesBuildPhase section */

/* Begin PBXSourcesBuildPhase section */
		42CD9BF02AE083BF00624C39 /* Sources */ = {
			isa = PBXSourcesBuildPhase;
			buildActionMask = 2147483647;
			files = (
				42CD9C322AE0902F00624C39 /* ItemApiResponse.swift in Sources */,
				42CD9C402AE091C700624C39 /* Colors.swift in Sources */,
				42CD9C512AE0A3E500624C39 /* ListBuilder.swift in Sources */,
				42CD9C422AE091CF00624C39 /* Fonts.swift in Sources */,
				4207FE2A2AE87B9800890D00 /* ItemCoreModel.xcdatamodeld in Sources */,
				42CD9C382AE090EF00624C39 /* ListPresenter.swift in Sources */,
				42CD9C342AE0906200624C39 /* ListRouter.swift in Sources */,
				42CD9BF82AE083BF00624C39 /* AppDelegate.swift in Sources */,
				4207FE3F2AE8910F00890D00 /* ItemCoreDataEntity+CoreDataProperties.swift in Sources */,
				4207FE3E2AE8910F00890D00 /* ItemCoreDataEntity+CoreDataClass.swift in Sources */,
				42CD9C2C2AE08F7100624C39 /* ItemViewModel.swift in Sources */,
				42CD9C4D2AE093EA00624C39 /* ReusableView.swift .swift in Sources */,
				4207FE362AE8875200890D00 /* ItemRepositoryResponse.swift in Sources */,
				4207FE302AE884F300890D00 /* ItemRepository.swift in Sources */,
				42CD9C492AE0926400624C39 /* ItemTableViewCell.swift in Sources */,
				42CD9C472AE0922E00624C39 /* UIColor+Extensions.swift .swift in Sources */,
				42CD9C3A2AE0916200624C39 /* BaseViewController.swift in Sources */,
				42CD9C4F2AE094C000624C39 /* ApiClient.swift in Sources */,
				42CD9C2E2AE08FCD00624C39 /* ListContract.swift in Sources */,
				42CD9BFA2AE083C000624C39 /* SceneDelegate.swift in Sources */,
				42CD9C4B2AE093D000624C39 /* UITableViewCell+ReusableCell.swift in Sources */,
				4207FE322AE884FE00890D00 /* RemoteItemRepository.swift in Sources */,
				4207FE0C2AE6E59500890D00 /* UIItemTableViewCell.swift in Sources */,
				42CD9C3C2AE0917700624C39 /* LoadingViewController.swift in Sources */,
				42CD9C362AE0909700624C39 /* ListInteractor.swift in Sources */,
				4207FE342AE8850700890D00 /* LocalItemRepository.swift in Sources */,
				42CD9C282AE0869B00624C39 /* ListViewController.swift in Sources */,
			);
			runOnlyForDeploymentPostprocessing = 0;
		};
		42CD9C062AE083C300624C39 /* Sources */ = {
			isa = PBXSourcesBuildPhase;
			buildActionMask = 2147483647;
			files = (
				42CD9C0F2AE083C300624C39 /* RickMortyUIKitTests.swift in Sources */,
			);
			runOnlyForDeploymentPostprocessing = 0;
		};
		42CD9C102AE083C300624C39 /* Sources */ = {
			isa = PBXSourcesBuildPhase;
			buildActionMask = 2147483647;
			files = (
				42CD9C1B2AE083C300624C39 /* RickMortyUIKitUITestsLaunchTests.swift in Sources */,
				42CD9C192AE083C300624C39 /* RickMortyUIKitUITests.swift in Sources */,
			);
			runOnlyForDeploymentPostprocessing = 0;
		};
/* End PBXSourcesBuildPhase section */

/* Begin PBXTargetDependency section */
		42CD9C0C2AE083C300624C39 /* PBXTargetDependency */ = {
			isa = PBXTargetDependency;
			target = 42CD9BF32AE083BF00624C39 /* RickMortyUIKit */;
			targetProxy = 42CD9C0B2AE083C300624C39 /* PBXContainerItemProxy */;
		};
		42CD9C162AE083C300624C39 /* PBXTargetDependency */ = {
			isa = PBXTargetDependency;
			target = 42CD9BF32AE083BF00624C39 /* RickMortyUIKit */;
			targetProxy = 42CD9C152AE083C300624C39 /* PBXContainerItemProxy */;
		};
/* End PBXTargetDependency section */

/* Begin PBXVariantGroup section */
		42CD9C022AE083C300624C39 /* LaunchScreen.storyboard */ = {
			isa = PBXVariantGroup;
			children = (
				42CD9C032AE083C300624C39 /* Base */,
			);
			name = LaunchScreen.storyboard;
			sourceTree = "<group>";
		};
/* End PBXVariantGroup section */

/* Begin XCBuildConfiguration section */
		42CD9C1C2AE083C300624C39 /* Debug */ = {
			isa = XCBuildConfiguration;
			buildSettings = {
				ALWAYS_SEARCH_USER_PATHS = NO;
				CLANG_ANALYZER_NONNULL = YES;
				CLANG_ANALYZER_NUMBER_OBJECT_CONVERSION = YES_AGGRESSIVE;
				CLANG_CXX_LANGUAGE_STANDARD = "gnu++20";
				CLANG_ENABLE_MODULES = YES;
				CLANG_ENABLE_OBJC_ARC = YES;
				CLANG_ENABLE_OBJC_WEAK = YES;
				CLANG_WARN_BLOCK_CAPTURE_AUTORELEASING = YES;
				CLANG_WARN_BOOL_CONVERSION = YES;
				CLANG_WARN_COMMA = YES;
				CLANG_WARN_CONSTANT_CONVERSION = YES;
				CLANG_WARN_DEPRECATED_OBJC_IMPLEMENTATIONS = YES;
				CLANG_WARN_DIRECT_OBJC_ISA_USAGE = YES_ERROR;
				CLANG_WARN_DOCUMENTATION_COMMENTS = YES;
				CLANG_WARN_EMPTY_BODY = YES;
				CLANG_WARN_ENUM_CONVERSION = YES;
				CLANG_WARN_INFINITE_RECURSION = YES;
				CLANG_WARN_INT_CONVERSION = YES;
				CLANG_WARN_NON_LITERAL_NULL_CONVERSION = YES;
				CLANG_WARN_OBJC_IMPLICIT_RETAIN_SELF = YES;
				CLANG_WARN_OBJC_LITERAL_CONVERSION = YES;
				CLANG_WARN_OBJC_ROOT_CLASS = YES_ERROR;
				CLANG_WARN_QUOTED_INCLUDE_IN_FRAMEWORK_HEADER = YES;
				CLANG_WARN_RANGE_LOOP_ANALYSIS = YES;
				CLANG_WARN_STRICT_PROTOTYPES = YES;
				CLANG_WARN_SUSPICIOUS_MOVE = YES;
				CLANG_WARN_UNGUARDED_AVAILABILITY = YES_AGGRESSIVE;
				CLANG_WARN_UNREACHABLE_CODE = YES;
				CLANG_WARN__DUPLICATE_METHOD_MATCH = YES;
				COPY_PHASE_STRIP = NO;
				DEBUG_INFORMATION_FORMAT = dwarf;
				ENABLE_STRICT_OBJC_MSGSEND = YES;
				ENABLE_TESTABILITY = YES;
				GCC_C_LANGUAGE_STANDARD = gnu11;
				GCC_DYNAMIC_NO_PIC = NO;
				GCC_NO_COMMON_BLOCKS = YES;
				GCC_OPTIMIZATION_LEVEL = 0;
				GCC_PREPROCESSOR_DEFINITIONS = (
					"DEBUG=1",
					"$(inherited)",
				);
				GCC_WARN_64_TO_32_BIT_CONVERSION = YES;
				GCC_WARN_ABOUT_RETURN_TYPE = YES_ERROR;
				GCC_WARN_UNDECLARED_SELECTOR = YES;
				GCC_WARN_UNINITIALIZED_AUTOS = YES_AGGRESSIVE;
				GCC_WARN_UNUSED_FUNCTION = YES;
				GCC_WARN_UNUSED_VARIABLE = YES;
				IPHONEOS_DEPLOYMENT_TARGET = 16.4;
				MTL_ENABLE_DEBUG_INFO = INCLUDE_SOURCE;
				MTL_FAST_MATH = YES;
				ONLY_ACTIVE_ARCH = YES;
				SDKROOT = iphoneos;
				SWIFT_ACTIVE_COMPILATION_CONDITIONS = DEBUG;
				SWIFT_OPTIMIZATION_LEVEL = "-Onone";
			};
			name = Debug;
		};
		42CD9C1D2AE083C300624C39 /* Release */ = {
			isa = XCBuildConfiguration;
			buildSettings = {
				ALWAYS_SEARCH_USER_PATHS = NO;
				CLANG_ANALYZER_NONNULL = YES;
				CLANG_ANALYZER_NUMBER_OBJECT_CONVERSION = YES_AGGRESSIVE;
				CLANG_CXX_LANGUAGE_STANDARD = "gnu++20";
				CLANG_ENABLE_MODULES = YES;
				CLANG_ENABLE_OBJC_ARC = YES;
				CLANG_ENABLE_OBJC_WEAK = YES;
				CLANG_WARN_BLOCK_CAPTURE_AUTORELEASING = YES;
				CLANG_WARN_BOOL_CONVERSION = YES;
				CLANG_WARN_COMMA = YES;
				CLANG_WARN_CONSTANT_CONVERSION = YES;
				CLANG_WARN_DEPRECATED_OBJC_IMPLEMENTATIONS = YES;
				CLANG_WARN_DIRECT_OBJC_ISA_USAGE = YES_ERROR;
				CLANG_WARN_DOCUMENTATION_COMMENTS = YES;
				CLANG_WARN_EMPTY_BODY = YES;
				CLANG_WARN_ENUM_CONVERSION = YES;
				CLANG_WARN_INFINITE_RECURSION = YES;
				CLANG_WARN_INT_CONVERSION = YES;
				CLANG_WARN_NON_LITERAL_NULL_CONVERSION = YES;
				CLANG_WARN_OBJC_IMPLICIT_RETAIN_SELF = YES;
				CLANG_WARN_OBJC_LITERAL_CONVERSION = YES;
				CLANG_WARN_OBJC_ROOT_CLASS = YES_ERROR;
				CLANG_WARN_QUOTED_INCLUDE_IN_FRAMEWORK_HEADER = YES;
				CLANG_WARN_RANGE_LOOP_ANALYSIS = YES;
				CLANG_WARN_STRICT_PROTOTYPES = YES;
				CLANG_WARN_SUSPICIOUS_MOVE = YES;
				CLANG_WARN_UNGUARDED_AVAILABILITY = YES_AGGRESSIVE;
				CLANG_WARN_UNREACHABLE_CODE = YES;
				CLANG_WARN__DUPLICATE_METHOD_MATCH = YES;
				COPY_PHASE_STRIP = NO;
				DEBUG_INFORMATION_FORMAT = "dwarf-with-dsym";
				ENABLE_NS_ASSERTIONS = NO;
				ENABLE_STRICT_OBJC_MSGSEND = YES;
				GCC_C_LANGUAGE_STANDARD = gnu11;
				GCC_NO_COMMON_BLOCKS = YES;
				GCC_WARN_64_TO_32_BIT_CONVERSION = YES;
				GCC_WARN_ABOUT_RETURN_TYPE = YES_ERROR;
				GCC_WARN_UNDECLARED_SELECTOR = YES;
				GCC_WARN_UNINITIALIZED_AUTOS = YES_AGGRESSIVE;
				GCC_WARN_UNUSED_FUNCTION = YES;
				GCC_WARN_UNUSED_VARIABLE = YES;
				IPHONEOS_DEPLOYMENT_TARGET = 16.4;
				MTL_ENABLE_DEBUG_INFO = NO;
				MTL_FAST_MATH = YES;
				SDKROOT = iphoneos;
				SWIFT_COMPILATION_MODE = wholemodule;
				SWIFT_OPTIMIZATION_LEVEL = "-O";
				VALIDATE_PRODUCT = YES;
			};
			name = Release;
		};
		42CD9C1F2AE083C300624C39 /* Debug */ = {
			isa = XCBuildConfiguration;
			buildSettings = {
				ASSETCATALOG_COMPILER_APPICON_NAME = AppIcon;
				ASSETCATALOG_COMPILER_GLOBAL_ACCENT_COLOR_NAME = AccentColor;
				CODE_SIGN_STYLE = Automatic;
				CURRENT_PROJECT_VERSION = 1;
				GENERATE_INFOPLIST_FILE = YES;
				INFOPLIST_FILE = RickMortyUIKit/Info.plist;
				INFOPLIST_KEY_UIApplicationSupportsIndirectInputEvents = YES;
				INFOPLIST_KEY_UILaunchStoryboardName = LaunchScreen;
				INFOPLIST_KEY_UISupportedInterfaceOrientations_iPad = "UIInterfaceOrientationPortrait UIInterfaceOrientationPortraitUpsideDown UIInterfaceOrientationLandscapeLeft UIInterfaceOrientationLandscapeRight";
				INFOPLIST_KEY_UISupportedInterfaceOrientations_iPhone = "UIInterfaceOrientationPortrait UIInterfaceOrientationLandscapeLeft UIInterfaceOrientationLandscapeRight";
				LD_RUNPATH_SEARCH_PATHS = (
					"$(inherited)",
					"@executable_path/Frameworks",
				);
				MARKETING_VERSION = 1.0;
				PRODUCT_BUNDLE_IDENTIFIER = com.tests.RickMortyUIKit;
				PRODUCT_NAME = "$(TARGET_NAME)";
				SWIFT_EMIT_LOC_STRINGS = YES;
				SWIFT_VERSION = 5.0;
				TARGETED_DEVICE_FAMILY = "1,2";
			};
			name = Debug;
		};
		42CD9C202AE083C300624C39 /* Release */ = {
			isa = XCBuildConfiguration;
			buildSettings = {
				ASSETCATALOG_COMPILER_APPICON_NAME = AppIcon;
				ASSETCATALOG_COMPILER_GLOBAL_ACCENT_COLOR_NAME = AccentColor;
				CODE_SIGN_STYLE = Automatic;
				CURRENT_PROJECT_VERSION = 1;
				GENERATE_INFOPLIST_FILE = YES;
				INFOPLIST_FILE = RickMortyUIKit/Info.plist;
				INFOPLIST_KEY_UIApplicationSupportsIndirectInputEvents = YES;
				INFOPLIST_KEY_UILaunchStoryboardName = LaunchScreen;
				INFOPLIST_KEY_UISupportedInterfaceOrientations_iPad = "UIInterfaceOrientationPortrait UIInterfaceOrientationPortraitUpsideDown UIInterfaceOrientationLandscapeLeft UIInterfaceOrientationLandscapeRight";
				INFOPLIST_KEY_UISupportedInterfaceOrientations_iPhone = "UIInterfaceOrientationPortrait UIInterfaceOrientationLandscapeLeft UIInterfaceOrientationLandscapeRight";
				LD_RUNPATH_SEARCH_PATHS = (
					"$(inherited)",
					"@executable_path/Frameworks",
				);
				MARKETING_VERSION = 1.0;
				PRODUCT_BUNDLE_IDENTIFIER = com.tests.RickMortyUIKit;
				PRODUCT_NAME = "$(TARGET_NAME)";
				SWIFT_EMIT_LOC_STRINGS = YES;
				SWIFT_VERSION = 5.0;
				TARGETED_DEVICE_FAMILY = "1,2";
			};
			name = Release;
		};
		42CD9C222AE083C300624C39 /* Debug */ = {
			isa = XCBuildConfiguration;
			buildSettings = {
				ALWAYS_EMBED_SWIFT_STANDARD_LIBRARIES = YES;
				BUNDLE_LOADER = "$(TEST_HOST)";
				CODE_SIGN_STYLE = Automatic;
				CURRENT_PROJECT_VERSION = 1;
				GENERATE_INFOPLIST_FILE = YES;
				IPHONEOS_DEPLOYMENT_TARGET = 16.4;
				MARKETING_VERSION = 1.0;
				PRODUCT_BUNDLE_IDENTIFIER = com.tests.RickMortyUIKitTests;
				PRODUCT_NAME = "$(TARGET_NAME)";
				SWIFT_EMIT_LOC_STRINGS = NO;
				SWIFT_VERSION = 5.0;
				TARGETED_DEVICE_FAMILY = "1,2";
				TEST_HOST = "$(BUILT_PRODUCTS_DIR)/RickMortyUIKit.app/$(BUNDLE_EXECUTABLE_FOLDER_PATH)/RickMortyUIKit";
			};
			name = Debug;
		};
		42CD9C232AE083C300624C39 /* Release */ = {
			isa = XCBuildConfiguration;
			buildSettings = {
				ALWAYS_EMBED_SWIFT_STANDARD_LIBRARIES = YES;
				BUNDLE_LOADER = "$(TEST_HOST)";
				CODE_SIGN_STYLE = Automatic;
				CURRENT_PROJECT_VERSION = 1;
				GENERATE_INFOPLIST_FILE = YES;
				IPHONEOS_DEPLOYMENT_TARGET = 16.4;
				MARKETING_VERSION = 1.0;
				PRODUCT_BUNDLE_IDENTIFIER = com.tests.RickMortyUIKitTests;
				PRODUCT_NAME = "$(TARGET_NAME)";
				SWIFT_EMIT_LOC_STRINGS = NO;
				SWIFT_VERSION = 5.0;
				TARGETED_DEVICE_FAMILY = "1,2";
				TEST_HOST = "$(BUILT_PRODUCTS_DIR)/RickMortyUIKit.app/$(BUNDLE_EXECUTABLE_FOLDER_PATH)/RickMortyUIKit";
			};
			name = Release;
		};
		42CD9C252AE083C300624C39 /* Debug */ = {
			isa = XCBuildConfiguration;
			buildSettings = {
				ALWAYS_EMBED_SWIFT_STANDARD_LIBRARIES = YES;
				CODE_SIGN_STYLE = Automatic;
				CURRENT_PROJECT_VERSION = 1;
				GENERATE_INFOPLIST_FILE = YES;
				MARKETING_VERSION = 1.0;
				PRODUCT_BUNDLE_IDENTIFIER = com.tests.RickMortyUIKitUITests;
				PRODUCT_NAME = "$(TARGET_NAME)";
				SWIFT_EMIT_LOC_STRINGS = NO;
				SWIFT_VERSION = 5.0;
				TARGETED_DEVICE_FAMILY = "1,2";
				TEST_TARGET_NAME = RickMortyUIKit;
			};
			name = Debug;
		};
		42CD9C262AE083C300624C39 /* Release */ = {
			isa = XCBuildConfiguration;
			buildSettings = {
				ALWAYS_EMBED_SWIFT_STANDARD_LIBRARIES = YES;
				CODE_SIGN_STYLE = Automatic;
				CURRENT_PROJECT_VERSION = 1;
				GENERATE_INFOPLIST_FILE = YES;
				MARKETING_VERSION = 1.0;
				PRODUCT_BUNDLE_IDENTIFIER = com.tests.RickMortyUIKitUITests;
				PRODUCT_NAME = "$(TARGET_NAME)";
				SWIFT_EMIT_LOC_STRINGS = NO;
				SWIFT_VERSION = 5.0;
				TARGETED_DEVICE_FAMILY = "1,2";
				TEST_TARGET_NAME = RickMortyUIKit;
			};
			name = Release;
		};
/* End XCBuildConfiguration section */

/* Begin XCConfigurationList section */
		42CD9BEF2AE083BF00624C39 /* Build configuration list for PBXProject "RickMortyUIKit" */ = {
			isa = XCConfigurationList;
			buildConfigurations = (
				42CD9C1C2AE083C300624C39 /* Debug */,
				42CD9C1D2AE083C300624C39 /* Release */,
			);
			defaultConfigurationIsVisible = 0;
			defaultConfigurationName = Release;
		};
		42CD9C1E2AE083C300624C39 /* Build configuration list for PBXNativeTarget "RickMortyUIKit" */ = {
			isa = XCConfigurationList;
			buildConfigurations = (
				42CD9C1F2AE083C300624C39 /* Debug */,
				42CD9C202AE083C300624C39 /* Release */,
			);
			defaultConfigurationIsVisible = 0;
			defaultConfigurationName = Release;
		};
		42CD9C212AE083C300624C39 /* Build configuration list for PBXNativeTarget "RickMortyUIKitTests" */ = {
			isa = XCConfigurationList;
			buildConfigurations = (
				42CD9C222AE083C300624C39 /* Debug */,
				42CD9C232AE083C300624C39 /* Release */,
			);
			defaultConfigurationIsVisible = 0;
			defaultConfigurationName = Release;
		};
		42CD9C242AE083C300624C39 /* Build configuration list for PBXNativeTarget "RickMortyUIKitUITests" */ = {
			isa = XCConfigurationList;
			buildConfigurations = (
				42CD9C252AE083C300624C39 /* Debug */,
				42CD9C262AE083C300624C39 /* Release */,
			);
			defaultConfigurationIsVisible = 0;
			defaultConfigurationName = Release;
		};
/* End XCConfigurationList section */

/* Begin XCRemoteSwiftPackageReference section */
		42CD9C522AE0A99600624C39 /* XCRemoteSwiftPackageReference "SDWebImage" */ = {
			isa = XCRemoteSwiftPackageReference;
			repositoryURL = "https://github.com/SDWebImage/SDWebImage.git";
			requirement = {
				kind = upToNextMajorVersion;
				minimumVersion = 5.0.0;
			};
		};
/* End XCRemoteSwiftPackageReference section */

/* Begin XCSwiftPackageProductDependency section */
		42CD9C532AE0A99700624C39 /* SDWebImage */ = {
			isa = XCSwiftPackageProductDependency;
			package = 42CD9C522AE0A99600624C39 /* XCRemoteSwiftPackageReference "SDWebImage" */;
			productName = SDWebImage;
		};
/* End XCSwiftPackageProductDependency section */

/* Begin XCVersionGroup section */
		4207FE282AE87B9700890D00 /* ItemCoreModel.xcdatamodeld */ = {
			isa = XCVersionGroup;
			children = (
				4207FE292AE87B9700890D00 /* ItemCoreModel.xcdatamodel */,
			);
			currentVersion = 4207FE292AE87B9700890D00 /* ItemCoreModel.xcdatamodel */;
			path = ItemCoreModel.xcdatamodeld;
			sourceTree = "<group>";
			versionGroupType = wrapper.xcdatamodel;
		};
/* End XCVersionGroup section */
	};
	rootObject = 42CD9BEC2AE083BF00624C39 /* Project object */;
}
